<Solution>
  <Project Path="HabitTracker.Api/HabitTracker.Api.csproj" />
  <Project Path="HabitTracker.Application/HabitTracker.Application.csproj" />
  <Project Path="HabitTracker.Domain/HabitTracker.Domain.csproj" />
  <Project Path="HabitTracker.Infrastructure/HabitTracker.Infrastructure.csproj" />
  <Project Path="HabitTracker.Tests/HabitTracker.Tests.csproj" />
</Solution>
